
Microsoft Visual Studio Solution File, Format Version 12.00
# Visual Studio Version 17
VisualStudioVersion = 17.8.34408.163
MinimumVisualStudioVersion = 10.0.40219.1
Project("{FAE04EC0-301F-11D3-BF4B-00C04F79EFBC}") = "Server", "Server\Server.csproj", "{3ACCF5F7-7B04-4F76-A5EA-EC4454E443A0}"
EndProject
Project("{FAE04EC0-301F-11D3-BF4B-00C04F79EFBC}") = "Client", "Client\Client.csproj", "{3B247195-C285-49EC-A9D9-DF7998EFE057}"
EndProject
Project("{FAE04EC0-301F-11D3-BF4B-00C04F79EFBC}") = "BaseLibrary", "BaseLibrary\BaseLibrary.csproj", "{33E7EDE8-1E42-4FA0-BD17-927A57C19EE0}"
EndProject
Project("{FAE04EC0-301F-11D3-BF4B-00C04F79EFBC}") = "ClientLibrary", "ClientLibrary\ClientLibrary.csproj", "{A7760D6B-AAA0-41E3-8121-3150D9484962}"
EndProject
Project("{FAE04EC0-301F-11D3-BF4B-00C04F79EFBC}") = "ServerLibrary", "ServerLibrary\ServerLibrary.csproj", "{66A92D35-D9AD-46ED-AF2A-86B2447C6F00}"
EndProject
Project("{2150E333-8FDC-42A3-9474-1A3956D46DE8}") = "Solution Items", "Solution Items", "{535ED821-4CEF-4A68-A1C8-C87B9B580F21}"
	ProjectSection(SolutionItems) = preProject
		.gitignore = .gitignore
	EndProjectSection
EndProject
Global
	GlobalSection(SolutionConfigurationPlatforms) = preSolution
		Debug|Any CPU = Debug|Any CPU
		Release|Any CPU = Release|Any CPU
	EndGlobalSection
	GlobalSection(ProjectConfigurationPlatforms) = postSolution
		{3ACCF5F7-7B04-4F76-A5EA-EC4454E443A0}.Debug|Any CPU.ActiveCfg = Debug|Any CPU
		{3ACCF5F7-7B04-4F76-A5EA-EC4454E443A0}.Debug|Any CPU.Build.0 = Debug|Any CPU
		{3ACCF5F7-7B04-4F76-A5EA-EC4454E443A0}.Release|Any CPU.ActiveCfg = Release|Any CPU
		{3ACCF5F7-7B04-4F76-A5EA-EC4454E443A0}.Release|Any CPU.Build.0 = Release|Any CPU
		{3B247195-C285-49EC-A9D9-DF7998EFE057}.Debug|Any CPU.ActiveCfg = Debug|Any CPU
		{3B247195-C285-49EC-A9D9-DF7998EFE057}.Debug|Any CPU.Build.0 = Debug|Any CPU
		{3B247195-C285-49EC-A9D9-DF7998EFE057}.Release|Any CPU.ActiveCfg = Release|Any CPU
		{3B247195-C285-49EC-A9D9-DF7998EFE057}.Release|Any CPU.Build.0 = Release|Any CPU
		{33E7EDE8-1E42-4FA0-BD17-927A57C19EE0}.Debug|Any CPU.ActiveCfg = Debug|Any CPU
		{33E7EDE8-1E42-4FA0-BD17-927A57C19EE0}.Debug|Any CPU.Build.0 = Debug|Any CPU
		{33E7EDE8-1E42-4FA0-BD17-927A57C19EE0}.Release|Any CPU.ActiveCfg = Release|Any CPU
		{33E7EDE8-1E42-4FA0-BD17-927A57C19EE0}.Release|Any CPU.Build.0 = Release|Any CPU
		{A7760D6B-AAA0-41E3-8121-3150D9484962}.Debug|Any CPU.ActiveCfg = Debug|Any CPU
		{A7760D6B-AAA0-41E3-8121-3150D9484962}.Debug|Any CPU.Build.0 = Debug|Any CPU
		{A7760D6B-AAA0-41E3-8121-3150D9484962}.Release|Any CPU.ActiveCfg = Release|Any CPU
		{A7760D6B-AAA0-41E3-8121-3150D9484962}.Release|Any CPU.Build.0 = Release|Any CPU
		{66A92D35-D9AD-46ED-AF2A-86B2447C6F00}.Debug|Any CPU.ActiveCfg = Debug|Any CPU
		{66A92D35-D9AD-46ED-AF2A-86B2447C6F00}.Debug|Any CPU.Build.0 = Debug|Any CPU
		{66A92D35-D9AD-46ED-AF2A-86B2447C6F00}.Release|Any CPU.ActiveCfg = Release|Any CPU
		{66A92D35-D9AD-46ED-AF2A-86B2447C6F00}.Release|Any CPU.Build.0 = Release|Any CPU
	EndGlobalSection
	GlobalSection(SolutionProperties) = preSolution
		HideSolutionNode = FALSE
	EndGlobalSection
	GlobalSection(ExtensibilityGlobals) = postSolution
		SolutionGuid = {CAA5BBA2-D0D5-4EBA-9621-10F594EA4323}
	EndGlobalSection
EndGlobal
